# This file is automatically @generated by Cargo.
# It is not intended for manual editing.
version = 3

[[package]]
name = "paf"
version = "0.1.11"
source = "registry+https://github.com/rust-lang/crates.io-index"
checksum = "86cde71cc70712bc72a5d051c7df579d9c191b0ca2ad546f3852a4cf17b8f30a"

[[package]]
name = "pico-args"
version = "0.5.0"
source = "registry+https://github.com/rust-lang/crates.io-index"
checksum = "5be167a7af36ee22fe3115051bc51f6e6c7054c9348e28deb4f49bd6f705a315"

[[package]]
name = "psd"
version = "0.1.0"
dependencies = [
 "paf",
 "pico-args",
]
